
Microsoft Visual Studio Solution File, Format Version 12.00
# Visual Studio Version 17
VisualStudioVersion = 17.7.34024.191
MinimumVisualStudioVersion = 10.0.40219.1
Project("{FAE04EC0-301F-11D3-BF4B-00C04F79EFBC}") = "CliTddApi.Service", "CliTddApi.Service\CliTddApi.Service.csproj", "{FE634C4B-82DA-4916-B8F5-040ABE5F1811}"
EndProject
Project("{FAE04EC0-301F-11D3-BF4B-00C04F79EFBC}") = "CliTddApi.Test", "CliTddApi.Test\CliTddApi.Test.csproj", "{078C2935-9A52-4C37-B279-8FC296329B86}"
EndProject
Project("{FAE04EC0-301F-11D3-BF4B-00C04F79EFBC}") = "CliTddApi.CLI", "CliTddApi.CLI\CliTddApi.CLI.csproj", "{9FCDC6BF-91D5-4BDA-88F6-49F2F7261560}"
EndProject
Global
	GlobalSection(SolutionConfigurationPlatforms) = preSolution
		Debug|Any CPU = Debug|Any CPU
		Release|Any CPU = Release|Any CPU
	EndGlobalSection
	GlobalSection(ProjectConfigurationPlatforms) = postSolution
		{FE634C4B-82DA-4916-B8F5-040ABE5F1811}.Debug|Any CPU.ActiveCfg = Debug|Any CPU
		{FE634C4B-82DA-4916-B8F5-040ABE5F1811}.Debug|Any CPU.Build.0 = Debug|Any CPU
		{FE634C4B-82DA-4916-B8F5-040ABE5F1811}.Release|Any CPU.ActiveCfg = Release|Any CPU
		{FE634C4B-82DA-4916-B8F5-040ABE5F1811}.Release|Any CPU.Build.0 = Release|Any CPU
		{078C2935-9A52-4C37-B279-8FC296329B86}.Debug|Any CPU.ActiveCfg = Debug|Any CPU
		{078C2935-9A52-4C37-B279-8FC296329B86}.Debug|Any CPU.Build.0 = Debug|Any CPU
		{078C2935-9A52-4C37-B279-8FC296329B86}.Release|Any CPU.ActiveCfg = Release|Any CPU
		{078C2935-9A52-4C37-B279-8FC296329B86}.Release|Any CPU.Build.0 = Release|Any CPU
		{9FCDC6BF-91D5-4BDA-88F6-49F2F7261560}.Debug|Any CPU.ActiveCfg = Debug|Any CPU
		{9FCDC6BF-91D5-4BDA-88F6-49F2F7261560}.Debug|Any CPU.Build.0 = Debug|Any CPU
		{9FCDC6BF-91D5-4BDA-88F6-49F2F7261560}.Release|Any CPU.ActiveCfg = Release|Any CPU
		{9FCDC6BF-91D5-4BDA-88F6-49F2F7261560}.Release|Any CPU.Build.0 = Release|Any CPU
	EndGlobalSection
	GlobalSection(SolutionProperties) = preSolution
		HideSolutionNode = FALSE
	EndGlobalSection
	GlobalSection(ExtensibilityGlobals) = postSolution
		SolutionGuid = {FCDC2334-7676-4E49-BA1E-CF906214BE71}
	EndGlobalSection
EndGlobal
